
Microsoft Visual Studio Solution File, Format Version 12.00
# Visual Studio Version 16
VisualStudioVersion = 16.0.30104.148
MinimumVisualStudioVersion = 10.0.40219.1
Project("{FAE04EC0-301F-11D3-BF4B-00C04F79EFBC}") = "BulmacaOkek", "BulmacaOkek\BulmacaOkek.csproj", "{41232EC5-845D-46A0-9752-2F73BAB9DE4C}"
EndProject
Project("{FAE04EC0-301F-11D3-BF4B-00C04F79EFBC}") = "MariaPlayColleges", "MariaPlayColleges\MariaPlayColleges.csproj", "{F8B82B02-AED2-47B9-B127-D58586567CE3}"
EndProject
Global
	GlobalSection(SolutionConfigurationPlatforms) = preSolution
		Debug|Any CPU = Debug|Any CPU
		Release|Any CPU = Release|Any CPU
	EndGlobalSection
	GlobalSection(ProjectConfigurationPlatforms) = postSolution
		{41232EC5-845D-46A0-9752-2F73BAB9DE4C}.Debug|Any CPU.ActiveCfg = Debug|Any CPU
		{41232EC5-845D-46A0-9752-2F73BAB9DE4C}.Debug|Any CPU.Build.0 = Debug|Any CPU
		{41232EC5-845D-46A0-9752-2F73BAB9DE4C}.Release|Any CPU.ActiveCfg = Release|Any CPU
		{41232EC5-845D-46A0-9752-2F73BAB9DE4C}.Release|Any CPU.Build.0 = Release|Any CPU
		{F8B82B02-AED2-47B9-B127-D58586567CE3}.Debug|Any CPU.ActiveCfg = Debug|Any CPU
		{F8B82B02-AED2-47B9-B127-D58586567CE3}.Debug|Any CPU.Build.0 = Debug|Any CPU
		{F8B82B02-AED2-47B9-B127-D58586567CE3}.Release|Any CPU.ActiveCfg = Release|Any CPU
		{F8B82B02-AED2-47B9-B127-D58586567CE3}.Release|Any CPU.Build.0 = Release|Any CPU
	EndGlobalSection
	GlobalSection(SolutionProperties) = preSolution
		HideSolutionNode = FALSE
	EndGlobalSection
	GlobalSection(ExtensibilityGlobals) = postSolution
		SolutionGuid = {71DB5AA6-C7F7-4CA2-AF4C-DEAEBF71960F}
	EndGlobalSection
EndGlobal
